
Microsoft Visual Studio Solution File, Format Version 12.00
# Visual Studio Version 16
VisualStudioVersion = 16.0.30317.65
MinimumVisualStudioVersion = 10.0.40219.1
Project("{FAE04EC0-301F-11D3-BF4B-00C04F79EFBC}") = "ProyecContable", "ProyecContable\ProyecContable.csproj", "{6F138063-E6AE-4031-BA1F-89D73CEC352D}"
EndProject
Project("{FAE04EC0-301F-11D3-BF4B-00C04F79EFBC}") = "CADProContable", "CADProContable\CADProContable.csproj", "{90CD5D01-4863-4E28-BB76-4C54F94E9183}"
EndProject
Project("{FAE04EC0-301F-11D3-BF4B-00C04F79EFBC}") = "ReportesContables", "ReportesContables\ReportesContables.csproj", "{6F65D23E-FDA5-4FA5-99C7-B059513ABEFD}"
EndProject
Global
	GlobalSection(SolutionConfigurationPlatforms) = preSolution
		Debug|Any CPU = Debug|Any CPU
		Release|Any CPU = Release|Any CPU
	EndGlobalSection
	GlobalSection(ProjectConfigurationPlatforms) = postSolution
		{6F138063-E6AE-4031-BA1F-89D73CEC352D}.Debug|Any CPU.ActiveCfg = Debug|Any CPU
		{6F138063-E6AE-4031-BA1F-89D73CEC352D}.Debug|Any CPU.Build.0 = Debug|Any CPU
		{6F138063-E6AE-4031-BA1F-89D73CEC352D}.Release|Any CPU.ActiveCfg = Release|Any CPU
		{6F138063-E6AE-4031-BA1F-89D73CEC352D}.Release|Any CPU.Build.0 = Release|Any CPU
		{90CD5D01-4863-4E28-BB76-4C54F94E9183}.Debug|Any CPU.ActiveCfg = Debug|Any CPU
		{90CD5D01-4863-4E28-BB76-4C54F94E9183}.Debug|Any CPU.Build.0 = Debug|Any CPU
		{90CD5D01-4863-4E28-BB76-4C54F94E9183}.Release|Any CPU.ActiveCfg = Release|Any CPU
		{90CD5D01-4863-4E28-BB76-4C54F94E9183}.Release|Any CPU.Build.0 = Release|Any CPU
		{6F65D23E-FDA5-4FA5-99C7-B059513ABEFD}.Debug|Any CPU.ActiveCfg = Debug|Any CPU
		{6F65D23E-FDA5-4FA5-99C7-B059513ABEFD}.Debug|Any CPU.Build.0 = Debug|Any CPU
		{6F65D23E-FDA5-4FA5-99C7-B059513ABEFD}.Release|Any CPU.ActiveCfg = Release|Any CPU
		{6F65D23E-FDA5-4FA5-99C7-B059513ABEFD}.Release|Any CPU.Build.0 = Release|Any CPU
	EndGlobalSection
	GlobalSection(SolutionProperties) = preSolution
		HideSolutionNode = FALSE
	EndGlobalSection
	GlobalSection(ExtensibilityGlobals) = postSolution
		SolutionGuid = {8C3E41EE-1D29-4EAD-BBB9-9264498988D2}
	EndGlobalSection
EndGlobal
